// !$*UTF8*$!
{
	archiveVersion = 1;
	classes = {
	};
	objectVersion = 46;
	objects = {

/* Begin PBXBuildFile section */
		044F49DD1EB7C5440073B620 /* main.m in Sources */ = {isa = PBXBuildFile; fileRef = 044F49DC1EB7C5440073B620 /* main.m */; };
		044F49E01EB7C5440073B620 /* AppDelegate.m in Sources */ = {isa = PBXBuildFile; fileRef = 044F49DF1EB7C5440073B620 /* AppDelegate.m */; };
		044F49E31EB7C5440073B620 /* ViewController.m in Sources */ = {isa = PBXBuildFile; fileRef = 044F49E21EB7C5440073B620 /* ViewController.m */; };
		044F49E61EB7C5440073B620 /* Main.storyboard in Resources */ = {isa = PBXBuildFile; fileRef = 044F49E41EB7C5440073B620 /* Main.storyboard */; };
		044F49E81EB7C5440073B620 /* Images.xcassets in Resources */ = {isa = PBXBuildFile; fileRef = 044F49E71EB7C5440073B620 /* Images.xcassets */; };
		044F49EB1EB7C5440073B620 /* LaunchScreen.xib in Resources */ = {isa = PBXBuildFile; fileRef = 044F49E91EB7C5440073B620 /* LaunchScreen.xib */; };
		044F49F71EB7C5440073B620 /* ZYLaunchAdTests.m in Sources */ = {isa = PBXBuildFile; fileRef = 044F49F61EB7C5440073B620 /* ZYLaunchAdTests.m */; };
		044F4A021EB7C5830073B620 /* ZYLaunchAdController.m in Sources */ = {isa = PBXBuildFile; fileRef = 044F4A011EB7C5830073B620 /* ZYLaunchAdController.m */; };
/* End PBXBuildFile section */

/* Begin PBXContainerItemProxy section */
		044F49F11EB7C5440073B620 /* PBXContainerItemProxy */ = {
			isa = PBXContainerItemProxy;
			containerPortal = 044F49CF1EB7C5440073B620 /* Project object */;
			proxyType = 1;
			remoteGlobalIDString = 044F49D61EB7C5440073B620;
			remoteInfo = ZYLaunchAd;
		};
/* End PBXContainerItemProxy section */

/* Begin PBXFileReference section */
		044F49D71EB7C5440073B620 /* ZYLaunchAd.app */ = {isa = PBXFileReference; explicitFileType = wrapper.application; includeInIndex = 0; path = ZYLaunchAd.app; sourceTree = BUILT_PRODUCTS_DIR; };
		044F49DB1EB7C5440073B620 /* Info.plist */ = {isa = PBXFileReference; lastKnownFileType = text.plist.xml; path = Info.plist; sourceTree = "<group>"; };
		044F49DC1EB7C5440073B620 /* main.m */ = {isa = PBXFileReference; lastKnownFileType = sourcecode.c.objc; path = main.m; sourceTree = "<group>"; };
		044F49DE1EB7C5440073B620 /* AppDelegate.h */ = {isa = PBXFileReference; lastKnownFileType = sourcecode.c.h; path = AppDelegate.h; sourceTree = "<group>"; };
		044F49DF1EB7C5440073B620 /* AppDelegate.m */ = {isa = PBXFileReference; lastKnownFileType = sourcecode.c.objc; path = AppDelegate.m; sourceTree = "<group>"; };
		044F49E11EB7C5440073B620 /* ViewController.h */ = {isa = PBXFileReference; lastKnownFileType = sourcecode.c.h; path = ViewController.h; sourceTree = "<group>"; };
		044F49E21EB7C5440073B620 /* ViewController.m */ = {isa = PBXFileReference; lastKnownFileType = sourcecode.c.objc; path = ViewController.m; sourceTree = "<group>"; };
		044F49E51EB7C5440073B620 /* Base */ = {isa = PBXFileReference; lastKnownFileType = file.storyboard; name = Base; path = Base.lproj/Main.storyboard; sourceTree = "<group>"; };
		044F49E71EB7C5440073B620 /* Images.xcassets */ = {isa = PBXFileReference; lastKnownFileType = folder.assetcatalog; path = Images.xcassets; sourceTree = "<group>"; };
		044F49EA1EB7C5440073B620 /* Base */ = {isa = PBXFileReference; lastKnownFileType = file.xib; name = Base; path = Base.lproj/LaunchScreen.xib; sourceTree = "<group>"; };
		044F49F01EB7C5440073B620 /* ZYLaunchAdTests.xctest */ = {isa = PBXFileReference; explicitFileType = wrapper.cfbundle; includeInIndex = 0; path = ZYLaunchAdTests.xctest; sourceTree = BUILT_PRODUCTS_DIR; };
		044F49F51EB7C5440073B620 /* Info.plist */ = {isa = PBXFileReference; lastKnownFileType = text.plist.xml; path = Info.plist; sourceTree = "<group>"; };
		044F49F61EB7C5440073B620 /* ZYLaunchAdTests.m */ = {isa = PBXFileReference; lastKnownFileType = sourcecode.c.objc; path = ZYLaunchAdTests.m; sourceTree = "<group>"; };
		044F4A001EB7C5830073B620 /* ZYLaunchAdController.h */ = {isa = PBXFileReference; fileEncoding = 4; lastKnownFileType = sourcecode.c.h; path = ZYLaunchAdController.h; sourceTree = "<group>"; };
		044F4A011EB7C5830073B620 /* ZYLaunchAdController.m */ = {isa = PBXFileReference; fileEncoding = 4; lastKnownFileType = sourcecode.c.objc; path = ZYLaunchAdController.m; sourceTree = "<group>"; };
/* End PBXFileReference section */

/* Begin PBXFrameworksBuildPhase section */
		044F49D41EB7C5440073B620 /* Frameworks */ = {
			isa = PBXFrameworksBuildPhase;
			buildActionMask = 2147483647;
			files = (
			);
			runOnlyForDeploymentPostprocessing = 0;
		};
		044F49ED1EB7C5440073B620 /* Frameworks */ = {
			isa = PBXFrameworksBuildPhase;
			buildActionMask = 2147483647;
			files = (
			);
			runOnlyForDeploymentPostprocessing = 0;
		};
/* End PBXFrameworksBuildPhase section */

/* Begin PBXGroup section */
		044F49CE1EB7C5440073B620 = {
			isa = PBXGroup;
			children = (
				044F49D91EB7C5440073B620 /* ZYLaunchAd */,
				044F49F31EB7C5440073B620 /* ZYLaunchAdTests */,
				044F49D81EB7C5440073B620 /* Products */,
			);
			sourceTree = "<group>";
		};
		044F49D81EB7C5440073B620 /* Products */ = {
			isa = PBXGroup;
			children = (
				044F49D71EB7C5440073B620 /* ZYLaunchAd.app */,
				044F49F01EB7C5440073B620 /* ZYLaunchAdTests.xctest */,
			);
			name = Products;
			sourceTree = "<group>";
		};
		044F49D91EB7C5440073B620 /* ZYLaunchAd */ = {
			isa = PBXGroup;
			children = (
				044F49DE1EB7C5440073B620 /* AppDelegate.h */,
				044F49DF1EB7C5440073B620 /* AppDelegate.m */,
				044F49E11EB7C5440073B620 /* ViewController.h */,
				044F49E21EB7C5440073B620 /* ViewController.m */,
				044F4A001EB7C5830073B620 /* ZYLaunchAdController.h */,
				044F4A011EB7C5830073B620 /* ZYLaunchAdController.m */,
				044F49E41EB7C5440073B620 /* Main.storyboard */,
				044F49E71EB7C5440073B620 /* Images.xcassets */,
				044F49E91EB7C5440073B620 /* LaunchScreen.xib */,
				044F49DA1EB7C5440073B620 /* Supporting Files */,
			);
			path = ZYLaunchAd;
			sourceTree = "<group>";
		};
		044F49DA1EB7C5440073B620 /* Supporting Files */ = {
			isa = PBXGroup;
			children = (
				044F49DB1EB7C5440073B620 /* Info.plist */,
				044F49DC1EB7C5440073B620 /* main.m */,
			);
			name = "Supporting Files";
			sourceTree = "<group>";
		};
		044F49F31EB7C5440073B620 /* ZYLaunchAdTests */ = {
			isa = PBXGroup;
			children = (
				044F49F61EB7C5440073B620 /* ZYLaunchAdTests.m */,
				044F49F41EB7C5440073B620 /* Supporting Files */,
			);
			path = ZYLaunchAdTests;
			sourceTree = "<group>";
		};
		044F49F41EB7C5440073B620 /* Supporting Files */ = {
			isa = PBXGroup;
			children = (
				044F49F51EB7C5440073B620 /* Info.plist */,
			);
			name = "Supporting Files";
			sourceTree = "<group>";
		};
/* End PBXGroup section */

/* Begin PBXNativeTarget section */
		044F49D61EB7C5440073B620 /* ZYLaunchAd */ = {
			isa = PBXNativeTarget;
			buildConfigurationList = 044F49FA1EB7C5440073B620 /* Build configuration list for PBXNativeTarget "ZYLaunchAd" */;
			buildPhases = (
				044F49D31EB7C5440073B620 /* Sources */,
				044F49D41EB7C5440073B620 /* Frameworks */,
				044F49D51EB7C5440073B620 /* Resources */,
			);
			buildRules = (
			);
			dependencies = (
			);
			name = ZYLaunchAd;
			productName = ZYLaunchAd;
			productReference = 044F49D71EB7C5440073B620 /* ZYLaunchAd.app */;
			productType = "com.apple.product-type.application";
		};
		044F49EF1EB7C5440073B620 /* ZYLaunchAdTests */ = {
			isa = PBXNativeTarget;
			buildConfigurationList = 044F49FD1EB7C5440073B620 /* Build configuration list for PBXNativeTarget "ZYLaunchAdTests" */;
			buildPhases = (
				044F49EC1EB7C5440073B620 /* Sources */,
				044F49ED1EB7C5440073B620 /* Frameworks */,
				044F49EE1EB7C5440073B620 /* Resources */,
			);
			buildRules = (
			);
			dependencies = (
				044F49F21EB7C5440073B620 /* PBXTargetDependency */,
			);
			name = ZYLaunchAdTests;
			productName = ZYLaunchAdTests;
			productReference = 044F49F01EB7C5440073B620 /* ZYLaunchAdTests.xctest */;
			productType = "com.apple.product-type.bundle.unit-test";
		};
/* End PBXNativeTarget section */

/* Begin PBXProject section */
		044F49CF1EB7C5440073B620 /* Project object */ = {
			isa = PBXProject;
			attributes = {
				LastUpgradeCheck = 0620;
				ORGANIZATIONNAME = zy;
				TargetAttributes = {
					044F49D61EB7C5440073B620 = {
						CreatedOnToolsVersion = 6.2;
					};
					044F49EF1EB7C5440073B620 = {
						CreatedOnToolsVersion = 6.2;
						TestTargetID = 044F49D61EB7C5440073B620;
					};
				};
			};
			buildConfigurationList = 044F49D21EB7C5440073B620 /* Build configuration list for PBXProject "ZYLaunchAd" */;
			compatibilityVersion = "Xcode 3.2";
			developmentRegion = English;
			hasScannedForEncodings = 0;
			knownRegions = (
				en,
				Base,
			);
			mainGroup = 044F49CE1EB7C5440073B620;
			productRefGroup = 044F49D81EB7C5440073B620 /* Products */;
			projectDirPath = "";
			projectRoot = "";
			targets = (
				044F49D61EB7C5440073B620 /* ZYLaunchAd */,
				044F49EF1EB7C5440073B620 /* ZYLaunchAdTests */,
			);
		};
/* End PBXProject section */

/* Begin PBXResourcesBuildPhase section */
		044F49D51EB7C5440073B620 /* Resources */ = {
			isa = PBXResourcesBuildPhase;
			buildActionMask = 2147483647;
			files = (
				044F49E61EB7C5440073B620 /* Main.storyboard in Resources */,
				044F49EB1EB7C5440073B620 /* LaunchScreen.xib in Resources */,
				044F49E81EB7C5440073B620 /* Images.xcassets in Resources */,
			);
			runOnlyForDeploymentPostprocessing = 0;
		};
		044F49EE1EB7C5440073B620 /* Resources */ = {
			isa = PBXResourcesBuildPhase;
			buildActionMask = 2147483647;
			files = (
			);
			runOnlyForDeploymentPostprocessing = 0;
		};
/* End PBXResourcesBuildPhase section */

/* Begin PBXSourcesBuildPhase section */
		044F49D31EB7C5440073B620 /* Sources */ = {
			isa = PBXSourcesBuildPhase;
			buildActionMask = 2147483647;
			files = (
				044F4A021EB7C5830073B620 /* ZYLaunchAdController.m in Sources */,
				044F49E31EB7C5440073B620 /* ViewController.m in Sources */,
				044F49E01EB7C5440073B620 /* AppDelegate.m in Sources */,
				044F49DD1EB7C5440073B620 /* main.m in Sources */,
			);
			runOnlyForDeploymentPostprocessing = 0;
		};
		044F49EC1EB7C5440073B620 /* Sources */ = {
			isa = PBXSourcesBuildPhase;
			buildActionMask = 2147483647;
			files = (
				044F49F71EB7C5440073B620 /* ZYLaunchAdTests.m in Sources */,
			);
			runOnlyForDeploymentPostprocessing = 0;
		};
/* End PBXSourcesBuildPhase section */

/* Begin PBXTargetDependency section */
		044F49F21EB7C5440073B620 /* PBXTargetDependency */ = {
			isa = PBXTargetDependency;
			target = 044F49D61EB7C5440073B620 /* ZYLaunchAd */;
			targetProxy = 044F49F11EB7C5440073B620 /* PBXContainerItemProxy */;
		};
/* End PBXTargetDependency section */

/* Begin PBXVariantGroup section */
		044F49E41EB7C5440073B620 /* Main.storyboard */ = {
			isa = PBXVariantGroup;
			children = (
				044F49E51EB7C5440073B620 /* Base */,
			);
			name = Main.storyboard;
			sourceTree = "<group>";
		};
		044F49E91EB7C5440073B620 /* LaunchScreen.xib */ = {
			isa = PBXVariantGroup;
			children = (
				044F49EA1EB7C5440073B620 /* Base */,
			);
			name = LaunchScreen.xib;
			sourceTree = "<group>";
		};
/* End PBXVariantGroup section */

/* Begin XCBuildConfiguration section */
		044F49F81EB7C5440073B620 /* Debug */ = {
			isa = XCBuildConfiguration;
			buildSettings = {
				ALWAYS_SEARCH_USER_PATHS = NO;
				CLANG_CXX_LANGUAGE_STANDARD = "gnu++0x";
				CLANG_CXX_LIBRARY = "libc++";
				CLANG_ENABLE_MODULES = YES;
				CLANG_ENABLE_OBJC_ARC = YES;
				CLANG_WARN_BOOL_CONVERSION = YES;
				CLANG_WARN_CONSTANT_CONVERSION = YES;
				CLANG_WARN_DIRECT_OBJC_ISA_USAGE = YES_ERROR;
				CLANG_WARN_EMPTY_BODY = YES;
				CLANG_WARN_ENUM_CONVERSION = YES;
				CLANG_WARN_INT_CONVERSION = YES;
				CLANG_WARN_OBJC_ROOT_CLASS = YES_ERROR;
				CLANG_WARN_UNREACHABLE_CODE = YES;
				CLANG_WARN__DUPLICATE_METHOD_MATCH = YES;
				"CODE_SIGN_IDENTITY[sdk=iphoneos*]" = "iPhone Developer";
				COPY_PHASE_STRIP = NO;
				ENABLE_STRICT_OBJC_MSGSEND = YES;
				GCC_C_LANGUAGE_STANDARD = gnu99;
				GCC_DYNAMIC_NO_PIC = NO;
				GCC_OPTIMIZATION_LEVEL = 0;
				GCC_PREPROCESSOR_DEFINITIONS = (
					"DEBUG=1",
					"$(inherited)",
				);
				GCC_SYMBOLS_PRIVATE_EXTERN = NO;
				GCC_WARN_64_TO_32_BIT_CONVERSION = YES;
				GCC_WARN_ABOUT_RETURN_TYPE = YES_ERROR;
				GCC_WARN_UNDECLARED_SELECTOR = YES;
				GCC_WARN_UNINITIALIZED_AUTOS = YES_AGGRESSIVE;
				GCC_WARN_UNUSED_FUNCTION = YES;
				GCC_WARN_UNUSED_VARIABLE = YES;
				IPHONEOS_DEPLOYMENT_TARGET = 8.2;
				MTL_ENABLE_DEBUG_INFO = YES;
				ONLY_ACTIVE_ARCH = YES;
				SDKROOT = iphoneos;
				TARGETED_DEVICE_FAMILY = "1,2";
			};
			name = Debug;
		};
		044F49F91EB7C5440073B620 /* Release */ = {
			isa = XCBuildConfiguration;
			buildSettings = {
				ALWAYS_SEARCH_USER_PATHS = NO;
				CLANG_CXX_LANGUAGE_STANDARD = "gnu++0x";
				CLANG_CXX_LIBRARY = "libc++";
				CLANG_ENABLE_MODULES = YES;
				CLANG_ENABLE_OBJC_ARC = YES;
				CLANG_WARN_BOOL_CONVERSION = YES;
				CLANG_WARN_CONSTANT_CONVERSION = YES;
				CLANG_WARN_DIRECT_OBJC_ISA_USAGE = YES_ERROR;
				CLANG_WARN_EMPTY_BODY = YES;
				CLANG_WARN_ENUM_CONVERSION = YES;
				CLANG_WARN_INT_CONVERSION = YES;
				CLANG_WARN_OBJC_ROOT_CLASS = YES_ERROR;
				CLANG_WARN_UNREACHABLE_CODE = YES;
				CLANG_WARN__DUPLICATE_METHOD_MATCH = YES;
				"CODE_SIGN_IDENTITY[sdk=iphoneos*]" = "iPhone Developer";
				COPY_PHASE_STRIP = NO;
				ENABLE_NS_ASSERTIONS = NO;
				ENABLE_STRICT_OBJC_MSGSEND = YES;
				GCC_C_LANGUAGE_STANDARD = gnu99;
				GCC_WARN_64_TO_32_BIT_CONVERSION = YES;
				GCC_WARN_ABOUT_RETURN_TYPE = YES_ERROR;
				GCC_WARN_UNDECLARED_SELECTOR = YES;
				GCC_WARN_UNINITIALIZED_AUTOS = YES_AGGRESSIVE;
				GCC_WARN_UNUSED_FUNCTION = YES;
				GCC_WARN_UNUSED_VARIABLE = YES;
				IPHONEOS_DEPLOYMENT_TARGET = 8.2;
				MTL_ENABLE_DEBUG_INFO = NO;
				SDKROOT = iphoneos;
				TARGETED_DEVICE_FAMILY = "1,2";
				VALIDATE_PRODUCT = YES;
			};
			name = Release;
		};
		044F49FB1EB7C5440073B620 /* Debug */ = {
			isa = XCBuildConfiguration;
			buildSettings = {
				ASSETCATALOG_COMPILER_APPICON_NAME = AppIcon;
				INFOPLIST_FILE = ZYLaunchAd/Info.plist;
				LD_RUNPATH_SEARCH_PATHS = "$(inherited) @executable_path/Frameworks";
				PRODUCT_NAME = "$(TARGET_NAME)";
			};
			name = Debug;
		};
		044F49FC1EB7C5440073B620 /* Release */ = {
			isa = XCBuildConfiguration;
			buildSettings = {
				ASSETCATALOG_COMPILER_APPICON_NAME = AppIcon;
				INFOPLIST_FILE = ZYLaunchAd/Info.plist;
				LD_RUNPATH_SEARCH_PATHS = "$(inherited) @executable_path/Frameworks";
				PRODUCT_NAME = "$(TARGET_NAME)";
			};
			name = Release;
		};
		044F49FE1EB7C5440073B620 /* Debug */ = {
			isa = XCBuildConfiguration;
			buildSettings = {
				BUNDLE_LOADER = "$(TEST_HOST)";
				FRAMEWORK_SEARCH_PATHS = (
					"$(SDKROOT)/Developer/Library/Frameworks",
					"$(inherited)",
				);
				GCC_PREPROCESSOR_DEFINITIONS = (
					"DEBUG=1",
					"$(inherited)",
				);
				INFOPLIST_FILE = ZYLaunchAdTests/Info.plist;
				LD_RUNPATH_SEARCH_PATHS = "$(inherited) @executable_path/Frameworks @loader_path/Frameworks";
				PRODUCT_NAME = "$(TARGET_NAME)";
				TEST_HOST = "$(BUILT_PRODUCTS_DIR)/ZYLaunchAd.app/ZYLaunchAd";
			};
			name = Debug;
		};
		044F49FF1EB7C5440073B620 /* Release */ = {
			isa = XCBuildConfiguration;
			buildSettings = {
				BUNDLE_LOADER = "$(TEST_HOST)";
				FRAMEWORK_SEARCH_PATHS = (
					"$(SDKROOT)/Developer/Library/Frameworks",
					"$(inherited)",
				);
				INFOPLIST_FILE = ZYLaunchAdTests/Info.plist;
				LD_RUNPATH_SEARCH_PATHS = "$(inherited) @executable_path/Frameworks @loader_path/Frameworks";
				PRODUCT_NAME = "$(TARGET_NAME)";
				TEST_HOST = "$(BUILT_PRODUCTS_DIR)/ZYLaunchAd.app/ZYLaunchAd";
			};
			name = Release;
		};
/* End XCBuildConfiguration section */

/* Begin XCConfigurationList section */
		044F49D21EB7C5440073B620 /* Build configuration list for PBXProject "ZYLaunchAd" */ = {
			isa = XCConfigurationList;
			buildConfigurations = (
				044F49F81EB7C5440073B620 /* Debug */,
				044F49F91EB7C5440073B620 /* Release */,
			);
			defaultConfigurationIsVisible = 0;
			defaultConfigurationName = Release;
		};
		044F49FA1EB7C5440073B620 /* Build configuration list for PBXNativeTarget "ZYLaunchAd" */ = {
			isa = XCConfigurationList;
			buildConfigurations = (
				044F49FB1EB7C5440073B620 /* Debug */,
				044F49FC1EB7C5440073B620 /* Release */,
			);
			defaultConfigurationIsVisible = 0;
		};
		044F49FD1EB7C5440073B620 /* Build configuration list for PBXNativeTarget "ZYLaunchAdTests" */ = {
			isa = XCConfigurationList;
			buildConfigurations = (
				044F49FE1EB7C5440073B620 /* Debug */,
				044F49FF1EB7C5440073B620 /* Release */,
			);
			defaultConfigurationIsVisible = 0;
		};
/* End XCConfigurationList section */
	};
	rootObject = 044F49CF1EB7C5440073B620 /* Project object */;
}
